{
  "version": 4,
  "terraform_version": "0.12.6",
  "serial": 10,
  "lineage": "e281f872-2873-6db4-349a-377836c42432",
  "outputs": {
    "raddit_public_ip": {
      "value": "104.196.110.209",
      "type": "string"
    }
  },
  "resources": [
    {
      "mode": "managed",
      "type": "google_compute_firewall",
      "name": "raddit",
      "provider": "provider.google",
      "instances": [
        {
          "schema_version": 1,
          "attributes": {
            "allow": [
              {
                "ports": [
                  "9292"
                ],
                "protocol": "tcp"
              }
            ],
            "creation_timestamp": "2019-08-06T20:01:11.947-07:00",
            "deny": [],
            "description": "",
            "destination_ranges": [],
            "direction": "INGRESS",
            "disabled": false,
            "id": "allow-raddit-tcp-9292",
            "name": "allow-raddit-tcp-9292",
            "network": "https://www.googleapis.com/compute/v1/projects/infra-as-code-243913/global/networks/default",
            "priority": 1000,
            "project": "infra-as-code-243913",
            "self_link": "https://www.googleapis.com/compute/v1/projects/infra-as-code-243913/global/firewalls/allow-raddit-tcp-9292",
            "source_ranges": [
              "0.0.0.0/0"
            ],
            "source_service_accounts": [],
            "source_tags": [],
            "target_service_accounts": [],
            "target_tags": [],
            "timeouts": null
          },
          "private": "eyJlMmJmYjczMC1lY2FhLTExZTYtOGY4OC0zNDM2M2JjN2M0YzAiOnsiY3JlYXRlIjoyNDAwMDAwMDAwMDAsImRlbGV0ZSI6MjQwMDAwMDAwMDAwLCJ1cGRhdGUiOjI0MDAwMDAwMDAwMH0sInNjaGVtYV92ZXJzaW9uIjoiMSJ9"
        }
      ]
    },
    {
      "mode": "managed",
      "type": "google_compute_instance",
      "name": "raddit",
      "provider": "provider.google",
      "instances": [
        {
          "schema_version": 6,
          "attributes": {
            "allow_stopping_for_update": null,
            "attached_disk": [],
            "boot_disk": [
              {
                "auto_delete": true,
                "device_name": "persistent-disk-0",
                "disk_encryption_key_raw": "",
                "disk_encryption_key_sha256": "",
                "initialize_params": [
                  {
                    "image": "https://www.googleapis.com/compute/v1/projects/infra-as-code-243913/global/images/raddit-base-20190620-152249",
                    "size": 10,
                    "type": "pd-standard"
                  }
                ],
                "kms_key_self_link": "",
                "source": "https://www.googleapis.com/compute/v1/projects/infra-as-code-243913/zones/us-east1-b/disks/raddit-instance"
              }
            ],
            "can_ip_forward": false,
            "cpu_platform": "Intel Haswell",
            "deletion_protection": false,
            "description": null,
            "disk": [],
            "guest_accelerator": [],
            "hostname": "",
            "id": "raddit-instance",
            "instance_id": "4134244227517744663",
            "label_fingerprint": "42WmSpB8rSM=",
            "labels": {},
            "machine_type": "n1-standard-1",
            "metadata": {},
            "metadata_fingerprint": "XlskSZXE-5c=",
            "metadata_startup_script": "",
            "min_cpu_platform": "",
            "name": "raddit-instance",
            "network_interface": [
              {
                "access_config": [
                  {
                    "assigned_nat_ip": "",
                    "nat_ip": "104.196.110.209",
                    "network_tier": "PREMIUM",
                    "public_ptr_domain_name": ""
                  }
                ],
                "address": "",
                "alias_ip_range": [],
                "name": "nic0",
                "network": "https://www.googleapis.com/compute/v1/projects/infra-as-code-243913/global/networks/default",
                "network_ip": "10.142.0.3",
                "subnetwork": "https://www.googleapis.com/compute/v1/projects/infra-as-code-243913/regions/us-east1/subnetworks/default",
                "subnetwork_project": "infra-as-code-243913"
              }
            ],
            "project": "infra-as-code-243913",
            "scheduling": [
              {
                "automatic_restart": true,
                "node_affinities": [],
                "on_host_maintenance": "MIGRATE",
                "preemptible": false
              }
            ],
            "scratch_disk": [],
            "self_link": "https://www.googleapis.com/compute/v1/projects/infra-as-code-243913/zones/us-east1-b/instances/raddit-instance",
            "service_account": [],
            "shielded_instance_config": [],
            "tags": [],
            "tags_fingerprint": "42WmSpB8rSM=",
            "timeouts": null,
            "zone": "us-east1-b"
          },
          "private": "eyJlMmJmYjczMC1lY2FhLTExZTYtOGY4OC0zNDM2M2JjN2M0YzAiOnsiY3JlYXRlIjoxMjAwMDAwMDAwMDAwLCJkZWxldGUiOjEyMDAwMDAwMDAwMDAsInVwZGF0ZSI6MTIwMDAwMDAwMDAwMH0sInNjaGVtYV92ZXJzaW9uIjoiNiJ9"
        }
      ]
    },
    {
      "mode": "managed",
      "type": "google_compute_project_metadata",
      "name": "raddit",
      "provider": "provider.google",
      "instances": [
        {
          "schema_version": 0,
          "attributes": {
            "id": "infra-as-code-243913",
            "metadata": {
              "ssh-keys": "raddit-user:ssh-rsa AAAAB3NzaC1yc2EAAAADAQABAAABAQDLrEeHN8+9ImDT4x+o3m67TB7lMqUAJSQ5bcqRrB6fg1EaeJpvrYWP7aOmoXoUyc9KDz+nsPlXQEo/l5onyC5z9lU0zZbbGsC8694umEdKizrBROBi0waODW9YVpS9DDsw31mHzELnpbMFRLmFEJrK6ZaHRwU+XCsEU2S/j1lyQ9lESfOaebJZsoCRKnU93dHFJ6X5BPhGcx9e8yoVHj6yLsSv6bOFJJyaKx4StYi4cEDxw+JzeNNUZ/Nsz536vzwebjm5L3PgAyL5LrpFlPiYRIDIhSPNMlCaPK4Z8UL4L8+44jsrw5NF6zWLInno6HCWw8LCJdoboChe55WN27MR raddit-user\n"
            },
            "project": "infra-as-code-243913"
          },
          "private": "bnVsbA=="
        }
      ]
    }
  ]
}
